
Microsoft Visual Studio Solution File, Format Version 12.00
# Visual Studio Version 16
VisualStudioVersion = 16.0.28803.452
MinimumVisualStudioVersion = 10.0.40219.1
Project("{FAE04EC0-301F-11D3-BF4B-00C04F79EFBC}") = "ImageViewer", "ImageViewer\ImageViewer.csproj", "{0C15004C-7EAE-4F67-AAA0-D9BCA3A019E0}"
EndProject
Global
	GlobalSection(SolutionConfigurationPlatforms) = preSolution
		Debug|Any CPU = Debug|Any CPU
		Release|Any CPU = Release|Any CPU
	EndGlobalSection
	GlobalSection(ProjectConfigurationPlatforms) = postSolution
		{0C15004C-7EAE-4F67-AAA0-D9BCA3A019E0}.Debug|Any CPU.ActiveCfg = Debug|Any CPU
		{0C15004C-7EAE-4F67-AAA0-D9BCA3A019E0}.Debug|Any CPU.Build.0 = Debug|Any CPU
		{0C15004C-7EAE-4F67-AAA0-D9BCA3A019E0}.Release|Any CPU.ActiveCfg = Release|Any CPU
		{0C15004C-7EAE-4F67-AAA0-D9BCA3A019E0}.Release|Any CPU.Build.0 = Release|Any CPU
	EndGlobalSection
	GlobalSection(SolutionProperties) = preSolution
		HideSolutionNode = FALSE
	EndGlobalSection
	GlobalSection(ExtensibilityGlobals) = postSolution
		SolutionGuid = {83A58407-2EF7-4412-A50F-F21780641728}
	EndGlobalSection
EndGlobal
